{
  "name": "maine-defense-innovation-map",
  "version": "1.1.0",
  "lockfileVersion": 3,
  "requires": true,
  "packages": {
    "": {
      "name": "maine-defense-innovation-map",
      "version": "1.1.0",
      "dependencies": {
        "@geo-maps/countries-coastline-500m": "^0.6.0"
      },
      "devDependencies": {
        "@geo-maps/countries-coastline-100m": "^0.6.0",
        "leaflet": "^1.9.4",
        "topojson-client": "^3.1.0",
        "us-atlas": "^3.0.1"
      }
    },
    "node_modules/@geo-maps/countries-coastline-100m": {
      "version": "0.6.0",
      "resolved": "https://registry.npmjs.org/@geo-maps/countries-coastline-100m/-/countries-coastline-100m-0.6.0.tgz",
      "integrity": "sha512-2HfyZM+cq+6dquH8vm5cLB/o/j+kahHwTRE/1XWMm+G2h/wUJBjm2TB8+sCvOkrW6FfzsEn5CUrLQ91BGzkdVg==",
      "dev": true,
      "license": "MIT"
    },
    "node_modules/@geo-maps/countries-coastline-500m": {
      "version": "0.6.0",
      "resolved": "https://registry.npmjs.org/@geo-maps/countries-coastline-500m/-/countries-coastline-500m-0.6.0.tgz",
      "integrity": "sha512-F7voZ7PZGx24ci48BYA6kqQM5LO1tgAV3R0hHWTiwqqjhZK6X0IPBXTBi55T6bHCVCkvlinVxyz8XlUl2jqvzw==",
      "license": "MIT"
    },
    "node_modules/commander": {
      "version": "2.20.3",
      "resolved": "https://registry.npmjs.org/commander/-/commander-2.20.3.tgz",
      "integrity": "sha512-GpVkmM8vF2vQUkj2LvZmD35JxeJOLCwJ9cUkugyk2nuhbv3+mJvpLYYt+0+USMxE+oj+ey/lJEnhZw75x/OMcQ==",
      "dev": true,
      "license": "MIT"
    },
    "node_modules/leaflet": {
      "version": "1.9.4",
      "resolved": "https://registry.npmjs.org/leaflet/-/leaflet-1.9.4.tgz",
      "integrity": "sha512-nxS1ynzJOmOlHp+iL3FyWqK89GtNL8U8rvlMOsQdTTssxZwCXh8N2NB3GDQOL+YR3XnWyZAxwQixURb+FA74PA==",
      "dev": true,
      "license": "BSD-2-Clause"
    },
    "node_modules/topojson-client": {
      "version": "3.1.0",
      "resolved": "https://registry.npmjs.org/topojson-client/-/topojson-client-3.1.0.tgz",
      "integrity": "sha512-605uxS6bcYxGXw9qi62XyrV6Q3xwbndjachmNxu8HWTtVPxZfEJN9fd/SZS1Q54Sn2y0TMyMxFj/cJINqGHrKw==",
      "dev": true,
      "license": "ISC",
      "dependencies": {
        "commander": "2"
      },
      "bin": {
        "topo2geo": "bin/topo2geo",
        "topomerge": "bin/topomerge",
        "topoquantize": "bin/topoquantize"
      }
    },
    "node_modules/us-atlas": {
      "version": "3.0.1",
      "resolved": "https://registry.npmjs.org/us-atlas/-/us-atlas-3.0.1.tgz",
      "integrity": "sha512-wEIZCq0ImPvGblTd8gZMqNNCPkQshugMUG/8nkSWXb02+XqNFREg9atHOKP9w6prLZTpqcLhSvdBW81MkV3/0Q==",
      "dev": true,
      "license": "ISC"
    }
  }
}
